
Microsoft Visual Studio Solution File, Format Version 12.00
# Visual Studio Version 17
VisualStudioVersion = 17.12.35506.116 d17.12
MinimumVisualStudioVersion = 10.0.40219.1
Project("{FAE04EC0-301F-11D3-BF4B-00C04F79EFBC}") = "AutoMapperXManualMapper", "AutoMapperXManualMapper\AutoMapperXManualMapper.csproj", "{A0087747-9BEA-4A62-86B4-D7C1E0831405}"
EndProject
Global
	GlobalSection(SolutionConfigurationPlatforms) = preSolution
		Debug|Any CPU = Debug|Any CPU
		Release|Any CPU = Release|Any CPU
	EndGlobalSection
	GlobalSection(ProjectConfigurationPlatforms) = postSolution
		{A0087747-9BEA-4A62-86B4-D7C1E0831405}.Debug|Any CPU.ActiveCfg = Debug|Any CPU
		{A0087747-9BEA-4A62-86B4-D7C1E0831405}.Debug|Any CPU.Build.0 = Debug|Any CPU
		{A0087747-9BEA-4A62-86B4-D7C1E0831405}.Release|Any CPU.ActiveCfg = Release|Any CPU
		{A0087747-9BEA-4A62-86B4-D7C1E0831405}.Release|Any CPU.Build.0 = Release|Any CPU
	EndGlobalSection
	GlobalSection(SolutionProperties) = preSolution
		HideSolutionNode = FALSE
	EndGlobalSection
EndGlobal
